
Microsoft Visual Studio Solution File, Format Version 12.00
# Visual Studio Version 16
VisualStudioVersion = 16.0.30114.105
MinimumVisualStudioVersion = 10.0.40219.1
Project("{FAE04EC0-301F-11D3-BF4B-00C04F79EFBC}") = "PracticDBMS", "PracticDBMS\PracticDBMS.csproj", "{7D27BE64-A321-423F-BED8-6EB592D85B9D}"
EndProject
Global
	GlobalSection(SolutionConfigurationPlatforms) = preSolution
		Debug|Any CPU = Debug|Any CPU
		Release|Any CPU = Release|Any CPU
	EndGlobalSection
	GlobalSection(ProjectConfigurationPlatforms) = postSolution
		{7D27BE64-A321-423F-BED8-6EB592D85B9D}.Debug|Any CPU.ActiveCfg = Debug|Any CPU
		{7D27BE64-A321-423F-BED8-6EB592D85B9D}.Debug|Any CPU.Build.0 = Debug|Any CPU
		{7D27BE64-A321-423F-BED8-6EB592D85B9D}.Release|Any CPU.ActiveCfg = Release|Any CPU
		{7D27BE64-A321-423F-BED8-6EB592D85B9D}.Release|Any CPU.Build.0 = Release|Any CPU
	EndGlobalSection
	GlobalSection(SolutionProperties) = preSolution
		HideSolutionNode = FALSE
	EndGlobalSection
	GlobalSection(ExtensibilityGlobals) = postSolution
		SolutionGuid = {A11B5ABC-EE57-4266-BF43-B1D9FFBAFF54}
	EndGlobalSection
EndGlobal
