
Microsoft Visual Studio Solution File, Format Version 12.00
# Visual Studio Version 16
VisualStudioVersion = 16.0.30114.105
MinimumVisualStudioVersion = 10.0.40219.1
Project("{FAE04EC0-301F-11D3-BF4B-00C04F79EFBC}") = "HotelRooms", "HotelRooms\HotelRooms.csproj", "{4DC21DF2-6A7F-4348-A396-A86385846B75}"
EndProject
Global
	GlobalSection(SolutionConfigurationPlatforms) = preSolution
		Debug|Any CPU = Debug|Any CPU
		Release|Any CPU = Release|Any CPU
	EndGlobalSection
	GlobalSection(ProjectConfigurationPlatforms) = postSolution
		{4DC21DF2-6A7F-4348-A396-A86385846B75}.Debug|Any CPU.ActiveCfg = Debug|Any CPU
		{4DC21DF2-6A7F-4348-A396-A86385846B75}.Debug|Any CPU.Build.0 = Debug|Any CPU
		{4DC21DF2-6A7F-4348-A396-A86385846B75}.Release|Any CPU.ActiveCfg = Release|Any CPU
		{4DC21DF2-6A7F-4348-A396-A86385846B75}.Release|Any CPU.Build.0 = Release|Any CPU
	EndGlobalSection
	GlobalSection(SolutionProperties) = preSolution
		HideSolutionNode = FALSE
	EndGlobalSection
	GlobalSection(ExtensibilityGlobals) = postSolution
		SolutionGuid = {B1A80FC9-3CC5-41D2-82C4-3A80E33544BE}
	EndGlobalSection
EndGlobal
